// !$*UTF8*$!
{
	archiveVersion = 1;
	classes = {
	};
	objectVersion = 46;
	objects = {

/* Begin PBXBuildFile section */
		43E4908919272B1400EA384A /* Foundation.framework in Frameworks */ = {isa = PBXBuildFile; fileRef = 43E4908819272B1400EA384A /* Foundation.framework */; };
		43E4908B19272B1400EA384A /* CoreGraphics.framework in Frameworks */ = {isa = PBXBuildFile; fileRef = 43E4908A19272B1400EA384A /* CoreGraphics.framework */; };
		43E4908D19272B1400EA384A /* UIKit.framework in Frameworks */ = {isa = PBXBuildFile; fileRef = 43E4908C19272B1400EA384A /* UIKit.framework */; };
		43E4909319272B1400EA384A /* InfoPlist.strings in Resources */ = {isa = PBXBuildFile; fileRef = 43E4909119272B1400EA384A /* InfoPlist.strings */; };
		43E4909519272B1400EA384A /* main.m in Sources */ = {isa = PBXBuildFile; fileRef = 43E4909419272B1400EA384A /* main.m */; };
		43E4909919272B1400EA384A /* enervoAppDelegate.m in Sources */ = {isa = PBXBuildFile; fileRef = 43E4909819272B1400EA384A /* enervoAppDelegate.m */; };
		43E4909B19272B1400EA384A /* Images.xcassets in Resources */ = {isa = PBXBuildFile; fileRef = 43E4909A19272B1400EA384A /* Images.xcassets */; };
		43E490A219272B1400EA384A /* XCTest.framework in Frameworks */ = {isa = PBXBuildFile; fileRef = 43E490A119272B1400EA384A /* XCTest.framework */; };
		43E490A319272B1400EA384A /* Foundation.framework in Frameworks */ = {isa = PBXBuildFile; fileRef = 43E4908819272B1400EA384A /* Foundation.framework */; };
		43E490A419272B1400EA384A /* UIKit.framework in Frameworks */ = {isa = PBXBuildFile; fileRef = 43E4908C19272B1400EA384A /* UIKit.framework */; };
		43E490AC19272B1400EA384A /* InfoPlist.strings in Resources */ = {isa = PBXBuildFile; fileRef = 43E490AA19272B1400EA384A /* InfoPlist.strings */; };
		43E490AE19272B1400EA384A /* SMS_GuardTests.m in Sources */ = {isa = PBXBuildFile; fileRef = 43E490AD19272B1400EA384A /* SMS_GuardTests.m */; };
		43E490C119272C7100EA384A /* smsGuardMessageViewController.m in Sources */ = {isa = PBXBuildFile; fileRef = 43E490C019272C7100EA384A /* smsGuardMessageViewController.m */; };
		43E490C819272E5D00EA384A /* smsGuardSettingViewController.m in Sources */ = {isa = PBXBuildFile; fileRef = 43E490C719272E5D00EA384A /* smsGuardSettingViewController.m */; };
		43E490CB19272E6E00EA384A /* smsGuardContactsViewController.m in Sources */ = {isa = PBXBuildFile; fileRef = 43E490CA19272E6E00EA384A /* smsGuardContactsViewController.m */; };
		43E490CE19272E7D00EA384A /* smsGuardActivationViewController.m in Sources */ = {isa = PBXBuildFile; fileRef = 43E490CD19272E7D00EA384A /* smsGuardActivationViewController.m */; };
		43E490D0192731B100EA384A /* navbar@2x.png in Resources */ = {isa = PBXBuildFile; fileRef = 43E490CF192731B100EA384A /* navbar@2x.png */; };
		43E490D21927340000EA384A /* tabbar@2x.png in Resources */ = {isa = PBXBuildFile; fileRef = 43E490D11927340000EA384A /* tabbar@2x.png */; };
		43E490D71927346C00EA384A /* pn-light.otf in Resources */ = {isa = PBXBuildFile; fileRef = 43E490D41927346C00EA384A /* pn-light.otf */; };
		43E490D81927346C00EA384A /* pn-regular.otf in Resources */ = {isa = PBXBuildFile; fileRef = 43E490D51927346C00EA384A /* pn-regular.otf */; };
		43E490D91927346C00EA384A /* pn-semi-bold.otf in Resources */ = {isa = PBXBuildFile; fileRef = 43E490D61927346C00EA384A /* pn-semi-bold.otf */; };
		43E490DD1927349C00EA384A /* enervo.m in Sources */ = {isa = PBXBuildFile; fileRef = 43E490DC1927349C00EA384A /* enervo.m */; };
		43E490E11927386100EA384A /* MessageTableViewCell.m in Sources */ = {isa = PBXBuildFile; fileRef = 43E490E01927386100EA384A /* MessageTableViewCell.m */; };
		43E49136192754F200EA384A /* bubble.png in Resources */ = {isa = PBXBuildFile; fileRef = 43E490E5192754F200EA384A /* bubble.png */; };
		43E49137192754F200EA384A /* bubble@2x.png in Resources */ = {isa = PBXBuildFile; fileRef = 43E490E6192754F200EA384A /* bubble@2x.png */; };
		43E49138192754F200EA384A /* bubble_min.png in Resources */ = {isa = PBXBuildFile; fileRef = 43E490E7192754F200EA384A /* bubble_min.png */; };
		43E49139192754F200EA384A /* bubble_min@2x.png in Resources */ = {isa = PBXBuildFile; fileRef = 43E490E8192754F200EA384A /* bubble_min@2x.png */; };
		43E4913A192754F200EA384A /* bubble_min_tailless.png in Resources */ = {isa = PBXBuildFile; fileRef = 43E490E9192754F200EA384A /* bubble_min_tailless.png */; };
		43E4913B192754F200EA384A /* bubble_min_tailless@2x.png in Resources */ = {isa = PBXBuildFile; fileRef = 43E490EA192754F200EA384A /* bubble_min_tailless@2x.png */; };
		43E4913C192754F200EA384A /* bubble_stroked.png in Resources */ = {isa = PBXBuildFile; fileRef = 43E490EB192754F200EA384A /* bubble_stroked.png */; };
		43E4913D192754F200EA384A /* bubble_stroked@2x.png in Resources */ = {isa = PBXBuildFile; fileRef = 43E490EC192754F200EA384A /* bubble_stroked@2x.png */; };
		43E4913E192754F200EA384A /* bubble_stroked_tailless.png in Resources */ = {isa = PBXBuildFile; fileRef = 43E490ED192754F200EA384A /* bubble_stroked_tailless.png */; };
		43E4913F192754F200EA384A /* bubble_stroked_tailless@2x.png in Resources */ = {isa = PBXBuildFile; fileRef = 43E490EE192754F200EA384A /* bubble_stroked_tailless@2x.png */; };
		43E49140192754F200EA384A /* bubble_tailless.png in Resources */ = {isa = PBXBuildFile; fileRef = 43E490EF192754F200EA384A /* bubble_tailless.png */; };
		43E49141192754F200EA384A /* bubble_tailless@2x.png in Resources */ = {isa = PBXBuildFile; fileRef = 43E490F0192754F200EA384A /* bubble_tailless@2x.png */; };
		43E49142192754F200EA384A /* camera.png in Resources */ = {isa = PBXBuildFile; fileRef = 43E490F1192754F200EA384A /* camera.png */; };
		43E49143192754F200EA384A /* camera@2x.png in Resources */ = {isa = PBXBuildFile; fileRef = 43E490F2192754F200EA384A /* camera@2x.png */; };
		43E49144192754F200EA384A /* typing.png in Resources */ = {isa = PBXBuildFile; fileRef = 43E490F3192754F200EA384A /* typing.png */; };
		43E49145192754F200EA384A /* typing@2x.png in Resources */ = {isa = PBXBuildFile; fileRef = 43E490F4192754F200EA384A /* typing@2x.png */; };
		43E49146192754F200EA384A /* message_received.aiff in Resources */ = {isa = PBXBuildFile; fileRef = 43E490F6192754F200EA384A /* message_received.aiff */; };
		43E49147192754F200EA384A /* message_sent.aiff in Resources */ = {isa = PBXBuildFile; fileRef = 43E490F7192754F200EA384A /* message_sent.aiff */; };
		43E49148192754F200EA384A /* JSQSystemSoundPlayer+JSQMessages.m in Sources */ = {isa = PBXBuildFile; fileRef = 43E490FA192754F200EA384A /* JSQSystemSoundPlayer+JSQMessages.m */; };
		43E49149192754F200EA384A /* NSString+JSQMessages.m in Sources */ = {isa = PBXBuildFile; fileRef = 43E490FC192754F200EA384A /* NSString+JSQMessages.m */; };
		43E4914A192754F200EA384A /* UIColor+JSQMessages.m in Sources */ = {isa = PBXBuildFile; fileRef = 43E490FE192754F200EA384A /* UIColor+JSQMessages.m */; };
		43E4914B192754F200EA384A /* UIImage+JSQMessages.m in Sources */ = {isa = PBXBuildFile; fileRef = 43E49100192754F200EA384A /* UIImage+JSQMessages.m */; };
		43E4914C192754F200EA384A /* UIView+JSQMessages.m in Sources */ = {isa = PBXBuildFile; fileRef = 43E49102192754F200EA384A /* UIView+JSQMessages.m */; };
		43E4914D192754F200EA384A /* JSQMessagesKeyboardController.m in Sources */ = {isa = PBXBuildFile; fileRef = 43E49105192754F200EA384A /* JSQMessagesKeyboardController.m */; };
		43E4914E192754F200EA384A /* JSQMessagesViewController.m in Sources */ = {isa = PBXBuildFile; fileRef = 43E49107192754F200EA384A /* JSQMessagesViewController.m */; };
		43E4914F192754F200EA384A /* JSQMessagesViewController.xib in Resources */ = {isa = PBXBuildFile; fileRef = 43E49108192754F200EA384A /* JSQMessagesViewController.xib */; };
		43E49150192754F200EA384A /* JSQMessagesAvatarFactory.m in Sources */ = {isa = PBXBuildFile; fileRef = 43E4910B192754F200EA384A /* JSQMessagesAvatarFactory.m */; };
		43E49151192754F200EA384A /* JSQMessagesBubbleImageFactory.m in Sources */ = {isa = PBXBuildFile; fileRef = 43E4910D192754F200EA384A /* JSQMessagesBubbleImageFactory.m */; };
		43E49152192754F200EA384A /* JSQMessagesTimestampFormatter.m in Sources */ = {isa = PBXBuildFile; fileRef = 43E4910F192754F200EA384A /* JSQMessagesTimestampFormatter.m */; };
		43E49153192754F200EA384A /* JSQMessagesToolbarButtonFactory.m in Sources */ = {isa = PBXBuildFile; fileRef = 43E49111192754F200EA384A /* JSQMessagesToolbarButtonFactory.m */; };
		43E49154192754F200EA384A /* JSQMessagesCollectionViewFlowLayout.m in Sources */ = {isa = PBXBuildFile; fileRef = 43E49115192754F200EA384A /* JSQMessagesCollectionViewFlowLayout.m */; };
		43E49155192754F200EA384A /* JSQMessagesCollectionViewLayoutAttributes.m in Sources */ = {isa = PBXBuildFile; fileRef = 43E49117192754F200EA384A /* JSQMessagesCollectionViewLayoutAttributes.m */; };
		43E49156192754F200EA384A /* JSQMessage.m in Sources */ = {isa = PBXBuildFile; fileRef = 43E4911A192754F200EA384A /* JSQMessage.m */; };
		43E49157192754F200EA384A /* JSQMessagesCollectionView.m in Sources */ = {isa = PBXBuildFile; fileRef = 43E4911E192754F200EA384A /* JSQMessagesCollectionView.m */; };
		43E49158192754F200EA384A /* JSQMessagesCollectionViewCell.m in Sources */ = {isa = PBXBuildFile; fileRef = 43E49120192754F200EA384A /* JSQMessagesCollectionViewCell.m */; };
		43E49159192754F200EA384A /* JSQMessagesCollectionViewCellIncoming.m in Sources */ = {isa = PBXBuildFile; fileRef = 43E49122192754F200EA384A /* JSQMessagesCollectionViewCellIncoming.m */; };
		43E4915A192754F200EA384A /* JSQMessagesCollectionViewCellIncoming.xib in Resources */ = {isa = PBXBuildFile; fileRef = 43E49123192754F200EA384A /* JSQMessagesCollectionViewCellIncoming.xib */; };
		43E4915B192754F200EA384A /* JSQMessagesCollectionViewCellOutgoing.m in Sources */ = {isa = PBXBuildFile; fileRef = 43E49125192754F200EA384A /* JSQMessagesCollectionViewCellOutgoing.m */; };
		43E4915C192754F200EA384A /* JSQMessagesCollectionViewCellOutgoing.xib in Resources */ = {isa = PBXBuildFile; fileRef = 43E49126192754F200EA384A /* JSQMessagesCollectionViewCellOutgoing.xib */; };
		43E4915D192754F200EA384A /* JSQMessagesComposerTextView.m in Sources */ = {isa = PBXBuildFile; fileRef = 43E49128192754F200EA384A /* JSQMessagesComposerTextView.m */; };
		43E4915E192754F200EA384A /* JSQMessagesInputToolbar.m in Sources */ = {isa = PBXBuildFile; fileRef = 43E4912A192754F200EA384A /* JSQMessagesInputToolbar.m */; };
		43E4915F192754F200EA384A /* JSQMessagesLabel.m in Sources */ = {isa = PBXBuildFile; fileRef = 43E4912C192754F200EA384A /* JSQMessagesLabel.m */; };
		43E49160192754F200EA384A /* JSQMessagesLoadEarlierHeaderView.m in Sources */ = {isa = PBXBuildFile; fileRef = 43E4912E192754F200EA384A /* JSQMessagesLoadEarlierHeaderView.m */; };
		43E49161192754F200EA384A /* JSQMessagesLoadEarlierHeaderView.xib in Resources */ = {isa = PBXBuildFile; fileRef = 43E4912F192754F200EA384A /* JSQMessagesLoadEarlierHeaderView.xib */; };
		43E49162192754F200EA384A /* JSQMessagesToolbarContentView.m in Sources */ = {isa = PBXBuildFile; fileRef = 43E49131192754F200EA384A /* JSQMessagesToolbarContentView.m */; };
		43E49163192754F200EA384A /* JSQMessagesToolbarContentView.xib in Resources */ = {isa = PBXBuildFile; fileRef = 43E49132192754F200EA384A /* JSQMessagesToolbarContentView.xib */; };
		43E49164192754F200EA384A /* JSQMessagesTypingIndicatorFooterView.m in Sources */ = {isa = PBXBuildFile; fileRef = 43E49134192754F200EA384A /* JSQMessagesTypingIndicatorFooterView.m */; };
		43E49165192754F200EA384A /* JSQMessagesTypingIndicatorFooterView.xib in Resources */ = {isa = PBXBuildFile; fileRef = 43E49135192754F200EA384A /* JSQMessagesTypingIndicatorFooterView.xib */; };
/* End PBXBuildFile section */

/* Begin PBXContainerItemProxy section */
		43E490A519272B1400EA384A /* PBXContainerItemProxy */ = {
			isa = PBXContainerItemProxy;
			containerPortal = 43E4907D19272B1300EA384A /* Project object */;
			proxyType = 1;
			remoteGlobalIDString = 43E4908419272B1400EA384A;
			remoteInfo = "SMS Guard";
		};
/* End PBXContainerItemProxy section */

/* Begin PBXFileReference section */
		43E4908519272B1400EA384A /* SMS Guard.app */ = {isa = PBXFileReference; explicitFileType = wrapper.application; includeInIndex = 0; path = "SMS Guard.app"; sourceTree = BUILT_PRODUCTS_DIR; };
		43E4908819272B1400EA384A /* Foundation.framework */ = {isa = PBXFileReference; lastKnownFileType = wrapper.framework; name = Foundation.framework; path = System/Library/Frameworks/Foundation.framework; sourceTree = SDKROOT; };
		43E4908A19272B1400EA384A /* CoreGraphics.framework */ = {isa = PBXFileReference; lastKnownFileType = wrapper.framework; name = CoreGraphics.framework; path = System/Library/Frameworks/CoreGraphics.framework; sourceTree = SDKROOT; };
		43E4908C19272B1400EA384A /* UIKit.framework */ = {isa = PBXFileReference; lastKnownFileType = wrapper.framework; name = UIKit.framework; path = System/Library/Frameworks/UIKit.framework; sourceTree = SDKROOT; };
		43E4909019272B1400EA384A /* SMS Guard-Info.plist */ = {isa = PBXFileReference; lastKnownFileType = text.plist.xml; path = "SMS Guard-Info.plist"; sourceTree = "<group>"; };
		43E4909219272B1400EA384A /* en */ = {isa = PBXFileReference; lastKnownFileType = text.plist.strings; name = en; path = en.lproj/InfoPlist.strings; sourceTree = "<group>"; };
		43E4909419272B1400EA384A /* main.m */ = {isa = PBXFileReference; lastKnownFileType = sourcecode.c.objc; path = main.m; sourceTree = "<group>"; };
		43E4909619272B1400EA384A /* SMS Guard-Prefix.pch */ = {isa = PBXFileReference; lastKnownFileType = sourcecode.c.h; path = "SMS Guard-Prefix.pch"; sourceTree = "<group>"; };
		43E4909719272B1400EA384A /* enervoAppDelegate.h */ = {isa = PBXFileReference; lastKnownFileType = sourcecode.c.h; path = enervoAppDelegate.h; sourceTree = "<group>"; };
		43E4909819272B1400EA384A /* enervoAppDelegate.m */ = {isa = PBXFileReference; lastKnownFileType = sourcecode.c.objc; path = enervoAppDelegate.m; sourceTree = "<group>"; };
		43E4909A19272B1400EA384A /* Images.xcassets */ = {isa = PBXFileReference; lastKnownFileType = folder.assetcatalog; path = Images.xcassets; sourceTree = "<group>"; };
		43E490A019272B1400EA384A /* SMS GuardTests.xctest */ = {isa = PBXFileReference; explicitFileType = wrapper.cfbundle; includeInIndex = 0; path = "SMS GuardTests.xctest"; sourceTree = BUILT_PRODUCTS_DIR; };
		43E490A119272B1400EA384A /* XCTest.framework */ = {isa = PBXFileReference; lastKnownFileType = wrapper.framework; name = XCTest.framework; path = Library/Frameworks/XCTest.framework; sourceTree = DEVELOPER_DIR; };
		43E490A919272B1400EA384A /* SMS GuardTests-Info.plist */ = {isa = PBXFileReference; lastKnownFileType = text.plist.xml; path = "SMS GuardTests-Info.plist"; sourceTree = "<group>"; };
		43E490AB19272B1400EA384A /* en */ = {isa = PBXFileReference; lastKnownFileType = text.plist.strings; name = en; path = en.lproj/InfoPlist.strings; sourceTree = "<group>"; };
		43E490AD19272B1400EA384A /* SMS_GuardTests.m */ = {isa = PBXFileReference; lastKnownFileType = sourcecode.c.objc; path = SMS_GuardTests.m; sourceTree = "<group>"; };
		43E490BF19272C7100EA384A /* smsGuardMessageViewController.h */ = {isa = PBXFileReference; fileEncoding = 4; lastKnownFileType = sourcecode.c.h; path = smsGuardMessageViewController.h; sourceTree = "<group>"; };
		43E490C019272C7100EA384A /* smsGuardMessageViewController.m */ = {isa = PBXFileReference; fileEncoding = 4; lastKnownFileType = sourcecode.c.objc; path = smsGuardMessageViewController.m; sourceTree = "<group>"; };
		43E490C619272E5D00EA384A /* smsGuardSettingViewController.h */ = {isa = PBXFileReference; fileEncoding = 4; lastKnownFileType = sourcecode.c.h; path = smsGuardSettingViewController.h; sourceTree = "<group>"; };
		43E490C719272E5D00EA384A /* smsGuardSettingViewController.m */ = {isa = PBXFileReference; fileEncoding = 4; lastKnownFileType = sourcecode.c.objc; path = smsGuardSettingViewController.m; sourceTree = "<group>"; };
		43E490C919272E6E00EA384A /* smsGuardContactsViewController.h */ = {isa = PBXFileReference; fileEncoding = 4; lastKnownFileType = sourcecode.c.h; path = smsGuardContactsViewController.h; sourceTree = "<group>"; };
		43E490CA19272E6E00EA384A /* smsGuardContactsViewController.m */ = {isa = PBXFileReference; fileEncoding = 4; lastKnownFileType = sourcecode.c.objc; path = smsGuardContactsViewController.m; sourceTree = "<group>"; };
		43E490CC19272E7D00EA384A /* smsGuardActivationViewController.h */ = {isa = PBXFileReference; fileEncoding = 4; lastKnownFileType = sourcecode.c.h; path = smsGuardActivationViewController.h; sourceTree = "<group>"; };
		43E490CD19272E7D00EA384A /* smsGuardActivationViewController.m */ = {isa = PBXFileReference; fileEncoding = 4; lastKnownFileType = sourcecode.c.objc; path = smsGuardActivationViewController.m; sourceTree = "<group>"; };
		43E490CF192731B100EA384A /* navbar@2x.png */ = {isa = PBXFileReference; lastKnownFileType = image.png; path = "navbar@2x.png"; sourceTree = "<group>"; };
		43E490D11927340000EA384A /* tabbar@2x.png */ = {isa = PBXFileReference; lastKnownFileType = image.png; path = "tabbar@2x.png"; sourceTree = "<group>"; };
		43E490D41927346C00EA384A /* pn-light.otf */ = {isa = PBXFileReference; lastKnownFileType = file; path = "pn-light.otf"; sourceTree = "<group>"; };
		43E490D51927346C00EA384A /* pn-regular.otf */ = {isa = PBXFileReference; lastKnownFileType = file; path = "pn-regular.otf"; sourceTree = "<group>"; };
		43E490D61927346C00EA384A /* pn-semi-bold.otf */ = {isa = PBXFileReference; lastKnownFileType = file; path = "pn-semi-bold.otf"; sourceTree = "<group>"; };
		43E490DB1927349C00EA384A /* enervo.h */ = {isa = PBXFileReference; fileEncoding = 4; lastKnownFileType = sourcecode.c.h; path = enervo.h; sourceTree = "<group>"; };
		43E490DC1927349C00EA384A /* enervo.m */ = {isa = PBXFileReference; fileEncoding = 4; lastKnownFileType = sourcecode.c.objc; path = enervo.m; sourceTree = "<group>"; };
		43E490DF1927386100EA384A /* MessageTableViewCell.h */ = {isa = PBXFileReference; fileEncoding = 4; lastKnownFileType = sourcecode.c.h; path = MessageTableViewCell.h; sourceTree = "<group>"; };
		43E490E01927386100EA384A /* MessageTableViewCell.m */ = {isa = PBXFileReference; fileEncoding = 4; lastKnownFileType = sourcecode.c.objc; path = MessageTableViewCell.m; sourceTree = "<group>"; };
		43E490E5192754F200EA384A /* bubble.png */ = {isa = PBXFileReference; lastKnownFileType = image.png; path = bubble.png; sourceTree = "<group>"; };
		43E490E6192754F200EA384A /* bubble@2x.png */ = {isa = PBXFileReference; lastKnownFileType = image.png; path = "bubble@2x.png"; sourceTree = "<group>"; };
		43E490E7192754F200EA384A /* bubble_min.png */ = {isa = PBXFileReference; lastKnownFileType = image.png; path = bubble_min.png; sourceTree = "<group>"; };
		43E490E8192754F200EA384A /* bubble_min@2x.png */ = {isa = PBXFileReference; lastKnownFileType = image.png; path = "bubble_min@2x.png"; sourceTree = "<group>"; };
		43E490E9192754F200EA384A /* bubble_min_tailless.png */ = {isa = PBXFileReference; lastKnownFileType = image.png; path = bubble_min_tailless.png; sourceTree = "<group>"; };
		43E490EA192754F200EA384A /* bubble_min_tailless@2x.png */ = {isa = PBXFileReference; lastKnownFileType = image.png; path = "bubble_min_tailless@2x.png"; sourceTree = "<group>"; };
		43E490EB192754F200EA384A /* bubble_stroked.png */ = {isa = PBXFileReference; lastKnownFileType = image.png; path = bubble_stroked.png; sourceTree = "<group>"; };
		43E490EC192754F200EA384A /* bubble_stroked@2x.png */ = {isa = PBXFileReference; lastKnownFileType = image.png; path = "bubble_stroked@2x.png"; sourceTree = "<group>"; };
		43E490ED192754F200EA384A /* bubble_stroked_tailless.png */ = {isa = PBXFileReference; lastKnownFileType = image.png; path = bubble_stroked_tailless.png; sourceTree = "<group>"; };
		43E490EE192754F200EA384A /* bubble_stroked_tailless@2x.png */ = {isa = PBXFileReference; lastKnownFileType = image.png; path = "bubble_stroked_tailless@2x.png"; sourceTree = "<group>"; };
		43E490EF192754F200EA384A /* bubble_tailless.png */ = {isa = PBXFileReference; lastKnownFileType = image.png; path = bubble_tailless.png; sourceTree = "<group>"; };
		43E490F0192754F200EA384A /* bubble_tailless@2x.png */ = {isa = PBXFileReference; lastKnownFileType = image.png; path = "bubble_tailless@2x.png"; sourceTree = "<group>"; };
		43E490F1192754F200EA384A /* camera.png */ = {isa = PBXFileReference; lastKnownFileType = image.png; path = camera.png; sourceTree = "<group>"; };
		43E490F2192754F200EA384A /* camera@2x.png */ = {isa = PBXFileReference; lastKnownFileType = image.png; path = "camera@2x.png"; sourceTree = "<group>"; };
		43E490F3192754F200EA384A /* typing.png */ = {isa = PBXFileReference; lastKnownFileType = image.png; path = typing.png; sourceTree = "<group>"; };
		43E490F4192754F200EA384A /* typing@2x.png */ = {isa = PBXFileReference; lastKnownFileType = image.png; path = "typing@2x.png"; sourceTree = "<group>"; };
		43E490F6192754F200EA384A /* message_received.aiff */ = {isa = PBXFileReference; lastKnownFileType = audio.aiff; path = message_received.aiff; sourceTree = "<group>"; };
		43E490F7192754F200EA384A /* message_sent.aiff */ = {isa = PBXFileReference; lastKnownFileType = audio.aiff; path = message_sent.aiff; sourceTree = "<group>"; };
		43E490F9192754F200EA384A /* JSQSystemSoundPlayer+JSQMessages.h */ = {isa = PBXFileReference; fileEncoding = 4; lastKnownFileType = sourcecode.c.h; path = "JSQSystemSoundPlayer+JSQMessages.h"; sourceTree = "<group>"; };
		43E490FA192754F200EA384A /* JSQSystemSoundPlayer+JSQMessages.m */ = {isa = PBXFileReference; fileEncoding = 4; lastKnownFileType = sourcecode.c.objc; path = "JSQSystemSoundPlayer+JSQMessages.m"; sourceTree = "<group>"; };
		43E490FB192754F200EA384A /* NSString+JSQMessages.h */ = {isa = PBXFileReference; fileEncoding = 4; lastKnownFileType = sourcecode.c.h; path = "NSString+JSQMessages.h"; sourceTree = "<group>"; };
		43E490FC192754F200EA384A /* NSString+JSQMessages.m */ = {isa = PBXFileReference; fileEncoding = 4; lastKnownFileType = sourcecode.c.objc; path = "NSString+JSQMessages.m"; sourceTree = "<group>"; };
		43E490FD192754F200EA384A /* UIColor+JSQMessages.h */ = {isa = PBXFileReference; fileEncoding = 4; lastKnownFileType = sourcecode.c.h; path = "UIColor+JSQMessages.h"; sourceTree = "<group>"; };
		43E490FE192754F200EA384A /* UIColor+JSQMessages.m */ = {isa = PBXFileReference; fileEncoding = 4; lastKnownFileType = sourcecode.c.objc; path = "UIColor+JSQMessages.m"; sourceTree = "<group>"; };
		43E490FF192754F200EA384A /* UIImage+JSQMessages.h */ = {isa = PBXFileReference; fileEncoding = 4; lastKnownFileType = sourcecode.c.h; path = "UIImage+JSQMessages.h"; sourceTree = "<group>"; };
		43E49100192754F200EA384A /* UIImage+JSQMessages.m */ = {isa = PBXFileReference; fileEncoding = 4; lastKnownFileType = sourcecode.c.objc; path = "UIImage+JSQMessages.m"; sourceTree = "<group>"; };
		43E49101192754F200EA384A /* UIView+JSQMessages.h */ = {isa = PBXFileReference; fileEncoding = 4; lastKnownFileType = sourcecode.c.h; path = "UIView+JSQMessages.h"; sourceTree = "<group>"; };
		43E49102192754F200EA384A /* UIView+JSQMessages.m */ = {isa = PBXFileReference; fileEncoding = 4; lastKnownFileType = sourcecode.c.objc; path = "UIView+JSQMessages.m"; sourceTree = "<group>"; };
		43E49104192754F200EA384A /* JSQMessagesKeyboardController.h */ = {isa = PBXFileReference; fileEncoding = 4; lastKnownFileType = sourcecode.c.h; path = JSQMessagesKeyboardController.h; sourceTree = "<group>"; };
		43E49105192754F200EA384A /* JSQMessagesKeyboardController.m */ = {isa = PBXFileReference; fileEncoding = 4; lastKnownFileType = sourcecode.c.objc; path = JSQMessagesKeyboardController.m; sourceTree = "<group>"; };
		43E49106192754F200EA384A /* JSQMessagesViewController.h */ = {isa = PBXFileReference; fileEncoding = 4; lastKnownFileType = sourcecode.c.h; path = JSQMessagesViewController.h; sourceTree = "<group>"; };
		43E49107192754F200EA384A /* JSQMessagesViewController.m */ = {isa = PBXFileReference; fileEncoding = 4; lastKnownFileType = sourcecode.c.objc; path = JSQMessagesViewController.m; sourceTree = "<group>"; };
		43E49108192754F200EA384A /* JSQMessagesViewController.xib */ = {isa = PBXFileReference; fileEncoding = 4; lastKnownFileType = file.xib; path = JSQMessagesViewController.xib; sourceTree = "<group>"; };
		43E4910A192754F200EA384A /* JSQMessagesAvatarFactory.h */ = {isa = PBXFileReference; fileEncoding = 4; lastKnownFileType = sourcecode.c.h; path = JSQMessagesAvatarFactory.h; sourceTree = "<group>"; };
		43E4910B192754F200EA384A /* JSQMessagesAvatarFactory.m */ = {isa = PBXFileReference; fileEncoding = 4; lastKnownFileType = sourcecode.c.objc; path = JSQMessagesAvatarFactory.m; sourceTree = "<group>"; };
		43E4910C192754F200EA384A /* JSQMessagesBubbleImageFactory.h */ = {isa = PBXFileReference; fileEncoding = 4; lastKnownFileType = sourcecode.c.h; path = JSQMessagesBubbleImageFactory.h; sourceTree = "<group>"; };
		43E4910D192754F200EA384A /* JSQMessagesBubbleImageFactory.m */ = {isa = PBXFileReference; fileEncoding = 4; lastKnownFileType = sourcecode.c.objc; path = JSQMessagesBubbleImageFactory.m; sourceTree = "<group>"; };
		43E4910E192754F200EA384A /* JSQMessagesTimestampFormatter.h */ = {isa = PBXFileReference; fileEncoding = 4; lastKnownFileType = sourcecode.c.h; path = JSQMessagesTimestampFormatter.h; sourceTree = "<group>"; };
		43E4910F192754F200EA384A /* JSQMessagesTimestampFormatter.m */ = {isa = PBXFileReference; fileEncoding = 4; lastKnownFileType = sourcecode.c.objc; path = JSQMessagesTimestampFormatter.m; sourceTree = "<group>"; };
		43E49110192754F200EA384A /* JSQMessagesToolbarButtonFactory.h */ = {isa = PBXFileReference; fileEncoding = 4; lastKnownFileType = sourcecode.c.h; path = JSQMessagesToolbarButtonFactory.h; sourceTree = "<group>"; };
		43E49111192754F200EA384A /* JSQMessagesToolbarButtonFactory.m */ = {isa = PBXFileReference; fileEncoding = 4; lastKnownFileType = sourcecode.c.objc; path = JSQMessagesToolbarButtonFactory.m; sourceTree = "<group>"; };
		43E49112192754F200EA384A /* JSQMessages.h */ = {isa = PBXFileReference; fileEncoding = 4; lastKnownFileType = sourcecode.c.h; path = JSQMessages.h; sourceTree = "<group>"; };
		43E49114192754F200EA384A /* JSQMessagesCollectionViewFlowLayout.h */ = {isa = PBXFileReference; fileEncoding = 4; lastKnownFileType = sourcecode.c.h; path = JSQMessagesCollectionViewFlowLayout.h; sourceTree = "<group>"; };
		43E49115192754F200EA384A /* JSQMessagesCollectionViewFlowLayout.m */ = {isa = PBXFileReference; fileEncoding = 4; lastKnownFileType = sourcecode.c.objc; path = JSQMessagesCollectionViewFlowLayout.m; sourceTree = "<group>"; };
		43E49116192754F200EA384A /* JSQMessagesCollectionViewLayoutAttributes.h */ = {isa = PBXFileReference; fileEncoding = 4; lastKnownFileType = sourcecode.c.h; path = JSQMessagesCollectionViewLayoutAttributes.h; sourceTree = "<group>"; };
		43E49117192754F200EA384A /* JSQMessagesCollectionViewLayoutAttributes.m */ = {isa = PBXFileReference; fileEncoding = 4; lastKnownFileType = sourcecode.c.objc; path = JSQMessagesCollectionViewLayoutAttributes.m; sourceTree = "<group>"; };
		43E49119192754F200EA384A /* JSQMessage.h */ = {isa = PBXFileReference; fileEncoding = 4; lastKnownFileType = sourcecode.c.h; path = JSQMessage.h; sourceTree = "<group>"; };
		43E4911A192754F200EA384A /* JSQMessage.m */ = {isa = PBXFileReference; fileEncoding = 4; lastKnownFileType = sourcecode.c.objc; path = JSQMessage.m; sourceTree = "<group>"; };
		43E4911B192754F200EA384A /* JSQMessageData.h */ = {isa = PBXFileReference; fileEncoding = 4; lastKnownFileType = sourcecode.c.h; path = JSQMessageData.h; sourceTree = "<group>"; };
		43E4911D192754F200EA384A /* JSQMessagesCollectionView.h */ = {isa = PBXFileReference; fileEncoding = 4; lastKnownFileType = sourcecode.c.h; path = JSQMessagesCollectionView.h; sourceTree = "<group>"; };
		43E4911E192754F200EA384A /* JSQMessagesCollectionView.m */ = {isa = PBXFileReference; fileEncoding = 4; lastKnownFileType = sourcecode.c.objc; path = JSQMessagesCollectionView.m; sourceTree = "<group>"; };
		43E4911F192754F200EA384A /* JSQMessagesCollectionViewCell.h */ = {isa = PBXFileReference; fileEncoding = 4; lastKnownFileType = sourcecode.c.h; path = JSQMessagesCollectionViewCell.h; sourceTree = "<group>"; };
		43E49120192754F200EA384A /* JSQMessagesCollectionViewCell.m */ = {isa = PBXFileReference; fileEncoding = 4; lastKnownFileType = sourcecode.c.objc; path = JSQMessagesCollectionViewCell.m; sourceTree = "<group>"; };
		43E49121192754F200EA384A /* JSQMessagesCollectionViewCellIncoming.h */ = {isa = PBXFileReference; fileEncoding = 4; lastKnownFileType = sourcecode.c.h; path = JSQMessagesCollectionViewCellIncoming.h; sourceTree = "<group>"; };
		43E49122192754F200EA384A /* JSQMessagesCollectionViewCellIncoming.m */ = {isa = PBXFileReference; fileEncoding = 4; lastKnownFileType = sourcecode.c.objc; path = JSQMessagesCollectionViewCellIncoming.m; sourceTree = "<group>"; };
		43E49123192754F200EA384A /* JSQMessagesCollectionViewCellIncoming.xib */ = {isa = PBXFileReference; fileEncoding = 4; lastKnownFileType = file.xib; path = JSQMessagesCollectionViewCellIncoming.xib; sourceTree = "<group>"; };
		43E49124192754F200EA384A /* JSQMessagesCollectionViewCellOutgoing.h */ = {isa = PBXFileReference; fileEncoding = 4; lastKnownFileType = sourcecode.c.h; path = JSQMessagesCollectionViewCellOutgoing.h; sourceTree = "<group>"; };
		43E49125192754F200EA384A /* JSQMessagesCollectionViewCellOutgoing.m */ = {isa = PBXFileReference; fileEncoding = 4; lastKnownFileType = sourcecode.c.objc; path = JSQMessagesCollectionViewCellOutgoing.m; sourceTree = "<group>"; };
		43E49126192754F200EA384A /* JSQMessagesCollectionViewCellOutgoing.xib */ = {isa = PBXFileReference; fileEncoding = 4; lastKnownFileType = file.xib; path = JSQMessagesCollectionViewCellOutgoing.xib; sourceTree = "<group>"; };
		43E49127192754F200EA384A /* JSQMessagesComposerTextView.h */ = {isa = PBXFileReference; fileEncoding = 4; lastKnownFileType = sourcecode.c.h; path = JSQMessagesComposerTextView.h; sourceTree = "<group>"; };
		43E49128192754F200EA384A /* JSQMessagesComposerTextView.m */ = {isa = PBXFileReference; fileEncoding = 4; lastKnownFileType = sourcecode.c.objc; path = JSQMessagesComposerTextView.m; sourceTree = "<group>"; };
		43E49129192754F200EA384A /* JSQMessagesInputToolbar.h */ = {isa = PBXFileReference; fileEncoding = 4; lastKnownFileType = sourcecode.c.h; path = JSQMessagesInputToolbar.h; sourceTree = "<group>"; };
		43E4912A192754F200EA384A /* JSQMessagesInputToolbar.m */ = {isa = PBXFileReference; fileEncoding = 4; lastKnownFileType = sourcecode.c.objc; path = JSQMessagesInputToolbar.m; sourceTree = "<group>"; };
		43E4912B192754F200EA384A /* JSQMessagesLabel.h */ = {isa = PBXFileReference; fileEncoding = 4; lastKnownFileType = sourcecode.c.h; path = JSQMessagesLabel.h; sourceTree = "<group>"; };
		43E4912C192754F200EA384A /* JSQMessagesLabel.m */ = {isa = PBXFileReference; fileEncoding = 4; lastKnownFileType = sourcecode.c.objc; path = JSQMessagesLabel.m; sourceTree = "<group>"; };
		43E4912D192754F200EA384A /* JSQMessagesLoadEarlierHeaderView.h */ = {isa = PBXFileReference; fileEncoding = 4; lastKnownFileType = sourcecode.c.h; path = JSQMessagesLoadEarlierHeaderView.h; sourceTree = "<group>"; };
		43E4912E192754F200EA384A /* JSQMessagesLoadEarlierHeaderView.m */ = {isa = PBXFileReference; fileEncoding = 4; lastKnownFileType = sourcecode.c.objc; path = JSQMessagesLoadEarlierHeaderView.m; sourceTree = "<group>"; };
		43E4912F192754F200EA384A /* JSQMessagesLoadEarlierHeaderView.xib */ = {isa = PBXFileReference; fileEncoding = 4; lastKnownFileType = file.xib; path = JSQMessagesLoadEarlierHeaderView.xib; sourceTree = "<group>"; };
		43E49130192754F200EA384A /* JSQMessagesToolbarContentView.h */ = {isa = PBXFileReference; fileEncoding = 4; lastKnownFileType = sourcecode.c.h; path = JSQMessagesToolbarContentView.h; sourceTree = "<group>"; };
		43E49131192754F200EA384A /* JSQMessagesToolbarContentView.m */ = {isa = PBXFileReference; fileEncoding = 4; lastKnownFileType = sourcecode.c.objc; path = JSQMessagesToolbarContentView.m; sourceTree = "<group>"; };
		43E49132192754F200EA384A /* JSQMessagesToolbarContentView.xib */ = {isa = PBXFileReference; fileEncoding = 4; lastKnownFileType = file.xib; path = JSQMessagesToolbarContentView.xib; sourceTree = "<group>"; };
		43E49133192754F200EA384A /* JSQMessagesTypingIndicatorFooterView.h */ = {isa = PBXFileReference; fileEncoding = 4; lastKnownFileType = sourcecode.c.h; path = JSQMessagesTypingIndicatorFooterView.h; sourceTree = "<group>"; };
		43E49134192754F200EA384A /* JSQMessagesTypingIndicatorFooterView.m */ = {isa = PBXFileReference; fileEncoding = 4; lastKnownFileType = sourcecode.c.objc; path = JSQMessagesTypingIndicatorFooterView.m; sourceTree = "<group>"; };
		43E49135192754F200EA384A /* JSQMessagesTypingIndicatorFooterView.xib */ = {isa = PBXFileReference; fileEncoding = 4; lastKnownFileType = file.xib; path = JSQMessagesTypingIndicatorFooterView.xib; sourceTree = "<group>"; };
/* End PBXFileReference section */

/* Begin PBXFrameworksBuildPhase section */
		43E4908219272B1400EA384A /* Frameworks */ = {
			isa = PBXFrameworksBuildPhase;
			buildActionMask = 2147483647;
			files = (
				43E4908B19272B1400EA384A /* CoreGraphics.framework in Frameworks */,
				43E4908D19272B1400EA384A /* UIKit.framework in Frameworks */,
				43E4908919272B1400EA384A /* Foundation.framework in Frameworks */,
			);
			runOnlyForDeploymentPostprocessing = 0;
		};
		43E4909D19272B1400EA384A /* Frameworks */ = {
			isa = PBXFrameworksBuildPhase;
			buildActionMask = 2147483647;
			files = (
				43E490A219272B1400EA384A /* XCTest.framework in Frameworks */,
				43E490A419272B1400EA384A /* UIKit.framework in Frameworks */,
				43E490A319272B1400EA384A /* Foundation.framework in Frameworks */,
			);
			runOnlyForDeploymentPostprocessing = 0;
		};
/* End PBXFrameworksBuildPhase section */

/* Begin PBXGroup section */
		43E4907C19272B1300EA384A = {
			isa = PBXGroup;
			children = (
				43E490B719272BE800EA384A /* app */,
				43E4908E19272B1400EA384A /* SMS Guard */,
				43E490A719272B1400EA384A /* SMS GuardTests */,
				43E4908719272B1400EA384A /* Frameworks */,
				43E4908619272B1400EA384A /* Products */,
			);
			sourceTree = "<group>";
		};
		43E4908619272B1400EA384A /* Products */ = {
			isa = PBXGroup;
			children = (
				43E4908519272B1400EA384A /* SMS Guard.app */,
				43E490A019272B1400EA384A /* SMS GuardTests.xctest */,
			);
			name = Products;
			sourceTree = "<group>";
		};
		43E4908719272B1400EA384A /* Frameworks */ = {
			isa = PBXGroup;
			children = (
				43E4908819272B1400EA384A /* Foundation.framework */,
				43E4908A19272B1400EA384A /* CoreGraphics.framework */,
				43E4908C19272B1400EA384A /* UIKit.framework */,
				43E490A119272B1400EA384A /* XCTest.framework */,
			);
			name = Frameworks;
			sourceTree = "<group>";
		};
		43E4908E19272B1400EA384A /* SMS Guard */ = {
			isa = PBXGroup;
			children = (
				43E4909719272B1400EA384A /* enervoAppDelegate.h */,
				43E4909819272B1400EA384A /* enervoAppDelegate.m */,
				43E4909A19272B1400EA384A /* Images.xcassets */,
				43E4908F19272B1400EA384A /* Supporting Files */,
			);
			path = "SMS Guard";
			sourceTree = "<group>";
		};
		43E4908F19272B1400EA384A /* Supporting Files */ = {
			isa = PBXGroup;
			children = (
				43E4909019272B1400EA384A /* SMS Guard-Info.plist */,
				43E4909119272B1400EA384A /* InfoPlist.strings */,
				43E4909419272B1400EA384A /* main.m */,
				43E4909619272B1400EA384A /* SMS Guard-Prefix.pch */,
			);
			name = "Supporting Files";
			sourceTree = "<group>";
		};
		43E490A719272B1400EA384A /* SMS GuardTests */ = {
			isa = PBXGroup;
			children = (
				43E490AD19272B1400EA384A /* SMS_GuardTests.m */,
				43E490A819272B1400EA384A /* Supporting Files */,
			);
			path = "SMS GuardTests";
			sourceTree = "<group>";
		};
		43E490A819272B1400EA384A /* Supporting Files */ = {
			isa = PBXGroup;
			children = (
				43E490A919272B1400EA384A /* SMS GuardTests-Info.plist */,
				43E490AA19272B1400EA384A /* InfoPlist.strings */,
			);
			name = "Supporting Files";
			sourceTree = "<group>";
		};
		43E490B719272BE800EA384A /* app */ = {
			isa = PBXGroup;
			children = (
				43E490C219272CE700EA384A /* assets */,
				43E490B819272BE800EA384A /* helper */,
				43E490B919272BE800EA384A /* library */,
				43E490BA19272BE800EA384A /* view */,
			);
			path = app;
			sourceTree = "<group>";
		};
		43E490B819272BE800EA384A /* helper */ = {
			isa = PBXGroup;
			children = (
				43E490DA1927349100EA384A /* const */,
			);
			path = helper;
			sourceTree = "<group>";
		};
		43E490B919272BE800EA384A /* library */ = {
			isa = PBXGroup;
			children = (
				43E490E2192754F200EA384A /* JSQMessagesViewController */,
				43E490DE1927384900EA384A /* cell */,
			);
			path = library;
			sourceTree = "<group>";
		};
		43E490BA19272BE800EA384A /* view */ = {
			isa = PBXGroup;
			children = (
				43E490BB19272C4900EA384A /* activation */,
				43E490BC19272C4900EA384A /* contacts */,
				43E490BD19272C4900EA384A /* messages */,
				43E490BE19272C4900EA384A /* settings */,
			);
			path = view;
			sourceTree = "<group>";
		};
		43E490BB19272C4900EA384A /* activation */ = {
			isa = PBXGroup;
			children = (
				43E490CC19272E7D00EA384A /* smsGuardActivationViewController.h */,
				43E490CD19272E7D00EA384A /* smsGuardActivationViewController.m */,
			);
			path = activation;
			sourceTree = "<group>";
		};
		43E490BC19272C4900EA384A /* contacts */ = {
			isa = PBXGroup;
			children = (
				43E490C919272E6E00EA384A /* smsGuardContactsViewController.h */,
				43E490CA19272E6E00EA384A /* smsGuardContactsViewController.m */,
			);
			path = contacts;
			sourceTree = "<group>";
		};
		43E490BD19272C4900EA384A /* messages */ = {
			isa = PBXGroup;
			children = (
				43E490BF19272C7100EA384A /* smsGuardMessageViewController.h */,
				43E490C019272C7100EA384A /* smsGuardMessageViewController.m */,
			);
			path = messages;
			sourceTree = "<group>";
		};
		43E490BE19272C4900EA384A /* settings */ = {
			isa = PBXGroup;
			children = (
				43E490C619272E5D00EA384A /* smsGuardSettingViewController.h */,
				43E490C719272E5D00EA384A /* smsGuardSettingViewController.m */,
			);
			path = settings;
			sourceTree = "<group>";
		};
		43E490C219272CE700EA384A /* assets */ = {
			isa = PBXGroup;
			children = (
				43E490D31927346C00EA384A /* font */,
				43E490C319272CE700EA384A /* common */,
				43E490C419272CE700EA384A /* navbar */,
				43E490C519272CE700EA384A /* tab */,
			);
			path = assets;
			sourceTree = "<group>";
		};
		43E490C319272CE700EA384A /* common */ = {
			isa = PBXGroup;
			children = (
			);
			path = common;
			sourceTree = "<group>";
		};
		43E490C419272CE700EA384A /* navbar */ = {
			isa = PBXGroup;
			children = (
				43E490D11927340000EA384A /* tabbar@2x.png */,
				43E490CF192731B100EA384A /* navbar@2x.png */,
			);
			path = navbar;
			sourceTree = "<group>";
		};
		43E490C519272CE700EA384A /* tab */ = {
			isa = PBXGroup;
			children = (
			);
			path = tab;
			sourceTree = "<group>";
		};
		43E490D31927346C00EA384A /* font */ = {
			isa = PBXGroup;
			children = (
				43E490D41927346C00EA384A /* pn-light.otf */,
				43E490D51927346C00EA384A /* pn-regular.otf */,
				43E490D61927346C00EA384A /* pn-semi-bold.otf */,
			);
			path = font;
			sourceTree = "<group>";
		};
		43E490DA1927349100EA384A /* const */ = {
			isa = PBXGroup;
			children = (
				43E490DB1927349C00EA384A /* enervo.h */,
				43E490DC1927349C00EA384A /* enervo.m */,
			);
			path = const;
			sourceTree = "<group>";
		};
		43E490DE1927384900EA384A /* cell */ = {
			isa = PBXGroup;
			children = (
				43E490DF1927386100EA384A /* MessageTableViewCell.h */,
				43E490E01927386100EA384A /* MessageTableViewCell.m */,
			);
			path = cell;
			sourceTree = "<group>";
		};
		43E490E2192754F200EA384A /* JSQMessagesViewController */ = {
			isa = PBXGroup;
			children = (
				43E490E3192754F200EA384A /* Assets */,
				43E490F8192754F200EA384A /* Categories */,
				43E49103192754F200EA384A /* Controllers */,
				43E49109192754F200EA384A /* Factories */,
				43E49112192754F200EA384A /* JSQMessages.h */,
				43E49113192754F200EA384A /* Layout */,
				43E49118192754F200EA384A /* Model */,
				43E4911C192754F200EA384A /* Views */,
			);
			path = JSQMessagesViewController;
			sourceTree = "<group>";
		};
		43E490E3192754F200EA384A /* Assets */ = {
			isa = PBXGroup;
			children = (
				43E490E4192754F200EA384A /* Images */,
				43E490F5192754F200EA384A /* Sounds */,
			);
			path = Assets;
			sourceTree = "<group>";
		};
		43E490E4192754F200EA384A /* Images */ = {
			isa = PBXGroup;
			children = (
				43E490E5192754F200EA384A /* bubble.png */,
				43E490E6192754F200EA384A /* bubble@2x.png */,
				43E490E7192754F200EA384A /* bubble_min.png */,
				43E490E8192754F200EA384A /* bubble_min@2x.png */,
				43E490E9192754F200EA384A /* bubble_min_tailless.png */,
				43E490EA192754F200EA384A /* bubble_min_tailless@2x.png */,
				43E490EB192754F200EA384A /* bubble_stroked.png */,
				43E490EC192754F200EA384A /* bubble_stroked@2x.png */,
				43E490ED192754F200EA384A /* bubble_stroked_tailless.png */,
				43E490EE192754F200EA384A /* bubble_stroked_tailless@2x.png */,
				43E490EF192754F200EA384A /* bubble_tailless.png */,
				43E490F0192754F200EA384A /* bubble_tailless@2x.png */,
				43E490F1192754F200EA384A /* camera.png */,
				43E490F2192754F200EA384A /* camera@2x.png */,
				43E490F3192754F200EA384A /* typing.png */,
				43E490F4192754F200EA384A /* typing@2x.png */,
			);
			path = Images;
			sourceTree = "<group>";
		};
		43E490F5192754F200EA384A /* Sounds */ = {
			isa = PBXGroup;
			children = (
				43E490F6192754F200EA384A /* message_received.aiff */,
				43E490F7192754F200EA384A /* message_sent.aiff */,
			);
			path = Sounds;
			sourceTree = "<group>";
		};
		43E490F8192754F200EA384A /* Categories */ = {
			isa = PBXGroup;
			children = (
				43E490F9192754F200EA384A /* JSQSystemSoundPlayer+JSQMessages.h */,
				43E490FA192754F200EA384A /* JSQSystemSoundPlayer+JSQMessages.m */,
				43E490FB192754F200EA384A /* NSString+JSQMessages.h */,
				43E490FC192754F200EA384A /* NSString+JSQMessages.m */,
				43E490FD192754F200EA384A /* UIColor+JSQMessages.h */,
				43E490FE192754F200EA384A /* UIColor+JSQMessages.m */,
				43E490FF192754F200EA384A /* UIImage+JSQMessages.h */,
				43E49100192754F200EA384A /* UIImage+JSQMessages.m */,
				43E49101192754F200EA384A /* UIView+JSQMessages.h */,
				43E49102192754F200EA384A /* UIView+JSQMessages.m */,
			);
			path = Categories;
			sourceTree = "<group>";
		};
		43E49103192754F200EA384A /* Controllers */ = {
			isa = PBXGroup;
			children = (
				43E49104192754F200EA384A /* JSQMessagesKeyboardController.h */,
				43E49105192754F200EA384A /* JSQMessagesKeyboardController.m */,
				43E49106192754F200EA384A /* JSQMessagesViewController.h */,
				43E49107192754F200EA384A /* JSQMessagesViewController.m */,
				43E49108192754F200EA384A /* JSQMessagesViewController.xib */,
			);
			path = Controllers;
			sourceTree = "<group>";
		};
		43E49109192754F200EA384A /* Factories */ = {
			isa = PBXGroup;
			children = (
				43E4910A192754F200EA384A /* JSQMessagesAvatarFactory.h */,
				43E4910B192754F200EA384A /* JSQMessagesAvatarFactory.m */,
				43E4910C192754F200EA384A /* JSQMessagesBubbleImageFactory.h */,
				43E4910D192754F200EA384A /* JSQMessagesBubbleImageFactory.m */,
				43E4910E192754F200EA384A /* JSQMessagesTimestampFormatter.h */,
				43E4910F192754F200EA384A /* JSQMessagesTimestampFormatter.m */,
				43E49110192754F200EA384A /* JSQMessagesToolbarButtonFactory.h */,
				43E49111192754F200EA384A /* JSQMessagesToolbarButtonFactory.m */,
			);
			path = Factories;
			sourceTree = "<group>";
		};
		43E49113192754F200EA384A /* Layout */ = {
			isa = PBXGroup;
			children = (
				43E49114192754F200EA384A /* JSQMessagesCollectionViewFlowLayout.h */,
				43E49115192754F200EA384A /* JSQMessagesCollectionViewFlowLayout.m */,
				43E49116192754F200EA384A /* JSQMessagesCollectionViewLayoutAttributes.h */,
				43E49117192754F200EA384A /* JSQMessagesCollectionViewLayoutAttributes.m */,
			);
			path = Layout;
			sourceTree = "<group>";
		};
		43E49118192754F200EA384A /* Model */ = {
			isa = PBXGroup;
			children = (
				43E49119192754F200EA384A /* JSQMessage.h */,
				43E4911A192754F200EA384A /* JSQMessage.m */,
				43E4911B192754F200EA384A /* JSQMessageData.h */,
			);
			path = Model;
			sourceTree = "<group>";
		};
		43E4911C192754F200EA384A /* Views */ = {
			isa = PBXGroup;
			children = (
				43E4911D192754F200EA384A /* JSQMessagesCollectionView.h */,
				43E4911E192754F200EA384A /* JSQMessagesCollectionView.m */,
				43E4911F192754F200EA384A /* JSQMessagesCollectionViewCell.h */,
				43E49120192754F200EA384A /* JSQMessagesCollectionViewCell.m */,
				43E49121192754F200EA384A /* JSQMessagesCollectionViewCellIncoming.h */,
				43E49122192754F200EA384A /* JSQMessagesCollectionViewCellIncoming.m */,
				43E49123192754F200EA384A /* JSQMessagesCollectionViewCellIncoming.xib */,
				43E49124192754F200EA384A /* JSQMessagesCollectionViewCellOutgoing.h */,
				43E49125192754F200EA384A /* JSQMessagesCollectionViewCellOutgoing.m */,
				43E49126192754F200EA384A /* JSQMessagesCollectionViewCellOutgoing.xib */,
				43E49127192754F200EA384A /* JSQMessagesComposerTextView.h */,
				43E49128192754F200EA384A /* JSQMessagesComposerTextView.m */,
				43E49129192754F200EA384A /* JSQMessagesInputToolbar.h */,
				43E4912A192754F200EA384A /* JSQMessagesInputToolbar.m */,
				43E4912B192754F200EA384A /* JSQMessagesLabel.h */,
				43E4912C192754F200EA384A /* JSQMessagesLabel.m */,
				43E4912D192754F200EA384A /* JSQMessagesLoadEarlierHeaderView.h */,
				43E4912E192754F200EA384A /* JSQMessagesLoadEarlierHeaderView.m */,
				43E4912F192754F200EA384A /* JSQMessagesLoadEarlierHeaderView.xib */,
				43E49130192754F200EA384A /* JSQMessagesToolbarContentView.h */,
				43E49131192754F200EA384A /* JSQMessagesToolbarContentView.m */,
				43E49132192754F200EA384A /* JSQMessagesToolbarContentView.xib */,
				43E49133192754F200EA384A /* JSQMessagesTypingIndicatorFooterView.h */,
				43E49134192754F200EA384A /* JSQMessagesTypingIndicatorFooterView.m */,
				43E49135192754F200EA384A /* JSQMessagesTypingIndicatorFooterView.xib */,
			);
			path = Views;
			sourceTree = "<group>";
		};
/* End PBXGroup section */

/* Begin PBXNativeTarget section */
		43E4908419272B1400EA384A /* SMS Guard */ = {
			isa = PBXNativeTarget;
			buildConfigurationList = 43E490B119272B1400EA384A /* Build configuration list for PBXNativeTarget "SMS Guard" */;
			buildPhases = (
				43E4908119272B1400EA384A /* Sources */,
				43E4908219272B1400EA384A /* Frameworks */,
				43E4908319272B1400EA384A /* Resources */,
			);
			buildRules = (
			);
			dependencies = (
			);
			name = "SMS Guard";
			productName = "SMS Guard";
			productReference = 43E4908519272B1400EA384A /* SMS Guard.app */;
			productType = "com.apple.product-type.application";
		};
		43E4909F19272B1400EA384A /* SMS GuardTests */ = {
			isa = PBXNativeTarget;
			buildConfigurationList = 43E490B419272B1400EA384A /* Build configuration list for PBXNativeTarget "SMS GuardTests" */;
			buildPhases = (
				43E4909C19272B1400EA384A /* Sources */,
				43E4909D19272B1400EA384A /* Frameworks */,
				43E4909E19272B1400EA384A /* Resources */,
			);
			buildRules = (
			);
			dependencies = (
				43E490A619272B1400EA384A /* PBXTargetDependency */,
			);
			name = "SMS GuardTests";
			productName = "SMS GuardTests";
			productReference = 43E490A019272B1400EA384A /* SMS GuardTests.xctest */;
			productType = "com.apple.product-type.bundle.unit-test";
		};
/* End PBXNativeTarget section */

/* Begin PBXProject section */
		43E4907D19272B1300EA384A /* Project object */ = {
			isa = PBXProject;
			attributes = {
				CLASSPREFIX = enervo;
				LastUpgradeCheck = 0510;
				ORGANIZATIONNAME = enervo;
				TargetAttributes = {
					43E4909F19272B1400EA384A = {
						TestTargetID = 43E4908419272B1400EA384A;
					};
				};
			};
			buildConfigurationList = 43E4908019272B1300EA384A /* Build configuration list for PBXProject "SMS Guard" */;
			compatibilityVersion = "Xcode 3.2";
			developmentRegion = English;
			hasScannedForEncodings = 0;
			knownRegions = (
				en,
			);
			mainGroup = 43E4907C19272B1300EA384A;
			productRefGroup = 43E4908619272B1400EA384A /* Products */;
			projectDirPath = "";
			projectRoot = "";
			targets = (
				43E4908419272B1400EA384A /* SMS Guard */,
				43E4909F19272B1400EA384A /* SMS GuardTests */,
			);
		};
/* End PBXProject section */

/* Begin PBXResourcesBuildPhase section */
		43E4908319272B1400EA384A /* Resources */ = {
			isa = PBXResourcesBuildPhase;
			buildActionMask = 2147483647;
			files = (
				43E4913F192754F200EA384A /* bubble_stroked_tailless@2x.png in Resources */,
				43E4914F192754F200EA384A /* JSQMessagesViewController.xib in Resources */,
				43E490D81927346C00EA384A /* pn-regular.otf in Resources */,
				43E4915C192754F200EA384A /* JSQMessagesCollectionViewCellOutgoing.xib in Resources */,
				43E49136192754F200EA384A /* bubble.png in Resources */,
				43E49161192754F200EA384A /* JSQMessagesLoadEarlierHeaderView.xib in Resources */,
				43E49141192754F200EA384A /* bubble_tailless@2x.png in Resources */,
				43E4913D192754F200EA384A /* bubble_stroked@2x.png in Resources */,
				43E49138192754F200EA384A /* bubble_min.png in Resources */,
				43E49139192754F200EA384A /* bubble_min@2x.png in Resources */,
				43E4913E192754F200EA384A /* bubble_stroked_tailless.png in Resources */,
				43E49144192754F200EA384A /* typing.png in Resources */,
				43E4909319272B1400EA384A /* InfoPlist.strings in Resources */,
				43E4913B192754F200EA384A /* bubble_min_tailless@2x.png in Resources */,
				43E4913C192754F200EA384A /* bubble_stroked.png in Resources */,
				43E49143192754F200EA384A /* camera@2x.png in Resources */,
				43E49137192754F200EA384A /* bubble@2x.png in Resources */,
				43E49165192754F200EA384A /* JSQMessagesTypingIndicatorFooterView.xib in Resources */,
				43E49163192754F200EA384A /* JSQMessagesToolbarContentView.xib in Resources */,
				43E49147192754F200EA384A /* message_sent.aiff in Resources */,
				43E490D91927346C00EA384A /* pn-semi-bold.otf in Resources */,
				43E4915A192754F200EA384A /* JSQMessagesCollectionViewCellIncoming.xib in Resources */,
				43E490D71927346C00EA384A /* pn-light.otf in Resources */,
				43E49142192754F200EA384A /* camera.png in Resources */,
				43E4909B19272B1400EA384A /* Images.xcassets in Resources */,
				43E4913A192754F200EA384A /* bubble_min_tailless.png in Resources */,
				43E490D21927340000EA384A /* tabbar@2x.png in Resources */,
				43E49146192754F200EA384A /* message_received.aiff in Resources */,
				43E49140192754F200EA384A /* bubble_tailless.png in Resources */,
				43E49145192754F200EA384A /* typing@2x.png in Resources */,
				43E490D0192731B100EA384A /* navbar@2x.png in Resources */,
			);
			runOnlyForDeploymentPostprocessing = 0;
		};
		43E4909E19272B1400EA384A /* Resources */ = {
			isa = PBXResourcesBuildPhase;
			buildActionMask = 2147483647;
			files = (
				43E490AC19272B1400EA384A /* InfoPlist.strings in Resources */,
			);
			runOnlyForDeploymentPostprocessing = 0;
		};
/* End PBXResourcesBuildPhase section */

/* Begin PBXSourcesBuildPhase section */
		43E4908119272B1400EA384A /* Sources */ = {
			isa = PBXSourcesBuildPhase;
			buildActionMask = 2147483647;
			files = (
				43E49151192754F200EA384A /* JSQMessagesBubbleImageFactory.m in Sources */,
				43E490CE19272E7D00EA384A /* smsGuardActivationViewController.m in Sources */,
				43E4914E192754F200EA384A /* JSQMessagesViewController.m in Sources */,
				43E49162192754F200EA384A /* JSQMessagesToolbarContentView.m in Sources */,
				43E49154192754F200EA384A /* JSQMessagesCollectionViewFlowLayout.m in Sources */,
				43E49150192754F200EA384A /* JSQMessagesAvatarFactory.m in Sources */,
				43E490E11927386100EA384A /* MessageTableViewCell.m in Sources */,
				43E4914C192754F200EA384A /* UIView+JSQMessages.m in Sources */,
				43E4909519272B1400EA384A /* main.m in Sources */,
				43E49164192754F200EA384A /* JSQMessagesTypingIndicatorFooterView.m in Sources */,
				43E49156192754F200EA384A /* JSQMessage.m in Sources */,
				43E49153192754F200EA384A /* JSQMessagesToolbarButtonFactory.m in Sources */,
				43E49148192754F200EA384A /* JSQSystemSoundPlayer+JSQMessages.m in Sources */,
				43E49152192754F200EA384A /* JSQMessagesTimestampFormatter.m in Sources */,
				43E49157192754F200EA384A /* JSQMessagesCollectionView.m in Sources */,
				43E4915F192754F200EA384A /* JSQMessagesLabel.m in Sources */,
				43E490CB19272E6E00EA384A /* smsGuardContactsViewController.m in Sources */,
				43E49160192754F200EA384A /* JSQMessagesLoadEarlierHeaderView.m in Sources */,
				43E490C819272E5D00EA384A /* smsGuardSettingViewController.m in Sources */,
				43E4914B192754F200EA384A /* UIImage+JSQMessages.m in Sources */,
				43E4909919272B1400EA384A /* enervoAppDelegate.m in Sources */,
				43E4914D192754F200EA384A /* JSQMessagesKeyboardController.m in Sources */,
				43E490DD1927349C00EA384A /* enervo.m in Sources */,
				43E49155192754F200EA384A /* JSQMessagesCollectionViewLayoutAttributes.m in Sources */,
				43E49149192754F200EA384A /* NSString+JSQMessages.m in Sources */,
				43E4915E192754F200EA384A /* JSQMessagesInputToolbar.m in Sources */,
				43E490C119272C7100EA384A /* smsGuardMessageViewController.m in Sources */,
				43E49159192754F200EA384A /* JSQMessagesCollectionViewCellIncoming.m in Sources */,
				43E4914A192754F200EA384A /* UIColor+JSQMessages.m in Sources */,
				43E4915D192754F200EA384A /* JSQMessagesComposerTextView.m in Sources */,
				43E49158192754F200EA384A /* JSQMessagesCollectionViewCell.m in Sources */,
				43E4915B192754F200EA384A /* JSQMessagesCollectionViewCellOutgoing.m in Sources */,
			);
			runOnlyForDeploymentPostprocessing = 0;
		};
		43E4909C19272B1400EA384A /* Sources */ = {
			isa = PBXSourcesBuildPhase;
			buildActionMask = 2147483647;
			files = (
				43E490AE19272B1400EA384A /* SMS_GuardTests.m in Sources */,
			);
			runOnlyForDeploymentPostprocessing = 0;
		};
/* End PBXSourcesBuildPhase section */

/* Begin PBXTargetDependency section */
		43E490A619272B1400EA384A /* PBXTargetDependency */ = {
			isa = PBXTargetDependency;
			target = 43E4908419272B1400EA384A /* SMS Guard */;
			targetProxy = 43E490A519272B1400EA384A /* PBXContainerItemProxy */;
		};
/* End PBXTargetDependency section */

/* Begin PBXVariantGroup section */
		43E4909119272B1400EA384A /* InfoPlist.strings */ = {
			isa = PBXVariantGroup;
			children = (
				43E4909219272B1400EA384A /* en */,
			);
			name = InfoPlist.strings;
			sourceTree = "<group>";
		};
		43E490AA19272B1400EA384A /* InfoPlist.strings */ = {
			isa = PBXVariantGroup;
			children = (
				43E490AB19272B1400EA384A /* en */,
			);
			name = InfoPlist.strings;
			sourceTree = "<group>";
		};
/* End PBXVariantGroup section */

/* Begin XCBuildConfiguration section */
		43E490AF19272B1400EA384A /* Debug */ = {
			isa = XCBuildConfiguration;
			buildSettings = {
				ALWAYS_SEARCH_USER_PATHS = NO;
				CLANG_CXX_LANGUAGE_STANDARD = "gnu++0x";
				CLANG_CXX_LIBRARY = "libc++";
				CLANG_ENABLE_MODULES = YES;
				CLANG_ENABLE_OBJC_ARC = YES;
				CLANG_WARN_BOOL_CONVERSION = YES;
				CLANG_WARN_CONSTANT_CONVERSION = YES;
				CLANG_WARN_DIRECT_OBJC_ISA_USAGE = YES_ERROR;
				CLANG_WARN_EMPTY_BODY = YES;
				CLANG_WARN_ENUM_CONVERSION = YES;
				CLANG_WARN_INT_CONVERSION = YES;
				CLANG_WARN_OBJC_ROOT_CLASS = YES_ERROR;
				CLANG_WARN__DUPLICATE_METHOD_MATCH = YES;
				"CODE_SIGN_IDENTITY[sdk=iphoneos*]" = "iPhone Developer";
				COPY_PHASE_STRIP = NO;
				GCC_C_LANGUAGE_STANDARD = gnu99;
				GCC_DYNAMIC_NO_PIC = NO;
				GCC_OPTIMIZATION_LEVEL = 0;
				GCC_PREPROCESSOR_DEFINITIONS = (
					"DEBUG=1",
					"$(inherited)",
				);
				GCC_SYMBOLS_PRIVATE_EXTERN = NO;
				GCC_WARN_64_TO_32_BIT_CONVERSION = YES;
				GCC_WARN_ABOUT_RETURN_TYPE = YES_ERROR;
				GCC_WARN_UNDECLARED_SELECTOR = YES;
				GCC_WARN_UNINITIALIZED_AUTOS = YES_AGGRESSIVE;
				GCC_WARN_UNUSED_FUNCTION = YES;
				GCC_WARN_UNUSED_VARIABLE = YES;
				IPHONEOS_DEPLOYMENT_TARGET = 7.1;
				ONLY_ACTIVE_ARCH = YES;
				SDKROOT = iphoneos;
			};
			name = Debug;
		};
		43E490B019272B1400EA384A /* Release */ = {
			isa = XCBuildConfiguration;
			buildSettings = {
				ALWAYS_SEARCH_USER_PATHS = NO;
				CLANG_CXX_LANGUAGE_STANDARD = "gnu++0x";
				CLANG_CXX_LIBRARY = "libc++";
				CLANG_ENABLE_MODULES = YES;
				CLANG_ENABLE_OBJC_ARC = YES;
				CLANG_WARN_BOOL_CONVERSION = YES;
				CLANG_WARN_CONSTANT_CONVERSION = YES;
				CLANG_WARN_DIRECT_OBJC_ISA_USAGE = YES_ERROR;
				CLANG_WARN_EMPTY_BODY = YES;
				CLANG_WARN_ENUM_CONVERSION = YES;
				CLANG_WARN_INT_CONVERSION = YES;
				CLANG_WARN_OBJC_ROOT_CLASS = YES_ERROR;
				CLANG_WARN__DUPLICATE_METHOD_MATCH = YES;
				"CODE_SIGN_IDENTITY[sdk=iphoneos*]" = "iPhone Developer";
				COPY_PHASE_STRIP = YES;
				ENABLE_NS_ASSERTIONS = NO;
				GCC_C_LANGUAGE_STANDARD = gnu99;
				GCC_WARN_64_TO_32_BIT_CONVERSION = YES;
				GCC_WARN_ABOUT_RETURN_TYPE = YES_ERROR;
				GCC_WARN_UNDECLARED_SELECTOR = YES;
				GCC_WARN_UNINITIALIZED_AUTOS = YES_AGGRESSIVE;
				GCC_WARN_UNUSED_FUNCTION = YES;
				GCC_WARN_UNUSED_VARIABLE = YES;
				IPHONEOS_DEPLOYMENT_TARGET = 7.1;
				SDKROOT = iphoneos;
				VALIDATE_PRODUCT = YES;
			};
			name = Release;
		};
		43E490B219272B1400EA384A /* Debug */ = {
			isa = XCBuildConfiguration;
			buildSettings = {
				ASSETCATALOG_COMPILER_APPICON_NAME = AppIcon;
				ASSETCATALOG_COMPILER_LAUNCHIMAGE_NAME = LaunchImage;
				GCC_PRECOMPILE_PREFIX_HEADER = YES;
				GCC_PREFIX_HEADER = "SMS Guard/SMS Guard-Prefix.pch";
				INFOPLIST_FILE = "SMS Guard/SMS Guard-Info.plist";
				PRODUCT_NAME = "$(TARGET_NAME)";
				WRAPPER_EXTENSION = app;
			};
			name = Debug;
		};
		43E490B319272B1400EA384A /* Release */ = {
			isa = XCBuildConfiguration;
			buildSettings = {
				ASSETCATALOG_COMPILER_APPICON_NAME = AppIcon;
				ASSETCATALOG_COMPILER_LAUNCHIMAGE_NAME = LaunchImage;
				GCC_PRECOMPILE_PREFIX_HEADER = YES;
				GCC_PREFIX_HEADER = "SMS Guard/SMS Guard-Prefix.pch";
				INFOPLIST_FILE = "SMS Guard/SMS Guard-Info.plist";
				PRODUCT_NAME = "$(TARGET_NAME)";
				WRAPPER_EXTENSION = app;
			};
			name = Release;
		};
		43E490B519272B1400EA384A /* Debug */ = {
			isa = XCBuildConfiguration;
			buildSettings = {
				BUNDLE_LOADER = "$(BUILT_PRODUCTS_DIR)/SMS Guard.app/SMS Guard";
				FRAMEWORK_SEARCH_PATHS = (
					"$(SDKROOT)/Developer/Library/Frameworks",
					"$(inherited)",
					"$(DEVELOPER_FRAMEWORKS_DIR)",
				);
				GCC_PRECOMPILE_PREFIX_HEADER = YES;
				GCC_PREFIX_HEADER = "SMS Guard/SMS Guard-Prefix.pch";
				GCC_PREPROCESSOR_DEFINITIONS = (
					"DEBUG=1",
					"$(inherited)",
				);
				INFOPLIST_FILE = "SMS GuardTests/SMS GuardTests-Info.plist";
				PRODUCT_NAME = "$(TARGET_NAME)";
				TEST_HOST = "$(BUNDLE_LOADER)";
				WRAPPER_EXTENSION = xctest;
			};
			name = Debug;
		};
		43E490B619272B1400EA384A /* Release */ = {
			isa = XCBuildConfiguration;
			buildSettings = {
				BUNDLE_LOADER = "$(BUILT_PRODUCTS_DIR)/SMS Guard.app/SMS Guard";
				FRAMEWORK_SEARCH_PATHS = (
					"$(SDKROOT)/Developer/Library/Frameworks",
					"$(inherited)",
					"$(DEVELOPER_FRAMEWORKS_DIR)",
				);
				GCC_PRECOMPILE_PREFIX_HEADER = YES;
				GCC_PREFIX_HEADER = "SMS Guard/SMS Guard-Prefix.pch";
				INFOPLIST_FILE = "SMS GuardTests/SMS GuardTests-Info.plist";
				PRODUCT_NAME = "$(TARGET_NAME)";
				TEST_HOST = "$(BUNDLE_LOADER)";
				WRAPPER_EXTENSION = xctest;
			};
			name = Release;
		};
/* End XCBuildConfiguration section */

/* Begin XCConfigurationList section */
		43E4908019272B1300EA384A /* Build configuration list for PBXProject "SMS Guard" */ = {
			isa = XCConfigurationList;
			buildConfigurations = (
				43E490AF19272B1400EA384A /* Debug */,
				43E490B019272B1400EA384A /* Release */,
			);
			defaultConfigurationIsVisible = 0;
			defaultConfigurationName = Release;
		};
		43E490B119272B1400EA384A /* Build configuration list for PBXNativeTarget "SMS Guard" */ = {
			isa = XCConfigurationList;
			buildConfigurations = (
				43E490B219272B1400EA384A /* Debug */,
				43E490B319272B1400EA384A /* Release */,
			);
			defaultConfigurationIsVisible = 0;
		};
		43E490B419272B1400EA384A /* Build configuration list for PBXNativeTarget "SMS GuardTests" */ = {
			isa = XCConfigurationList;
			buildConfigurations = (
				43E490B519272B1400EA384A /* Debug */,
				43E490B619272B1400EA384A /* Release */,
			);
			defaultConfigurationIsVisible = 0;
		};
/* End XCConfigurationList section */
	};
	rootObject = 43E4907D19272B1300EA384A /* Project object */;
}
